{
  "lockfile_version": "1",
  "packages": {
    "github:NixOS/nixpkgs/nixpkgs-unstable": {
      "last_modified": "2026-04-02T10:35:47Z",
      "resolved": "github:NixOS/nixpkgs/8d8c1fa5b412c223ffa47410867813290cdedfef?lastModified=1775126147&narHash=sha256-J0dZU4atgcfo4QvM9D92uQ0Oe1eLTxBVXjJzdEMQpD0%3D"
    },
    "go-task@latest": {
      "last_modified": "2026-03-21T07:29:51Z",
      "resolved": "github:NixOS/nixpkgs/09061f748ee21f68a089cd5d91ec1859cd93d0be#go-task",
      "source": "devbox-search",
      "version": "3.48.0",
      "systems": {
        "aarch64-darwin": {
          "outputs": [
            {
              "name": "out",
              "path": "/nix/store/sab4xhgi6cs6rnxsx33dxqg2zcir52rm-go-task-3.48.0",
              "default": true
            }
          ],
          "store_path": "/nix/store/sab4xhgi6cs6rnxsx33dxqg2zcir52rm-go-task-3.48.0"
        },
        "aarch64-linux": {
          "outputs": [
            {
              "name": "out",
              "path": "/nix/store/cidnjfhcp1qyxjih6qaa61hfyxy5k5ap-go-task-3.48.0",
              "default": true
            }
          ],
          "store_path": "/nix/store/cidnjfhcp1qyxjih6qaa61hfyxy5k5ap-go-task-3.48.0"
        },
        "x86_64-darwin": {
          "outputs": [
            {
              "name": "out",
              "path": "/nix/store/nxbwqrg7jx4l16q1c37kr510cv0cz1cw-go-task-3.48.0",
              "default": true
            }
          ],
          "store_path": "/nix/store/nxbwqrg7jx4l16q1c37kr510cv0cz1cw-go-task-3.48.0"
        },
        "x86_64-linux": {
          "outputs": [
            {
              "name": "out",
              "path": "/nix/store/qxs1p264gzz3nficzss2nsp7fs5cdi31-go-task-3.48.0",
              "default": true
            }
          ],
          "store_path": "/nix/store/qxs1p264gzz3nficzss2nsp7fs5cdi31-go-task-3.48.0"
        }
      }
    },
    "go@latest": {
      "last_modified": "2026-03-21T07:29:51Z",
      "resolved": "github:NixOS/nixpkgs/09061f748ee21f68a089cd5d91ec1859cd93d0be#go",
      "source": "devbox-search",
      "version": "1.26.1",
      "systems": {
        "aarch64-darwin": {
          "outputs": [
            {
              "name": "out",
              "path": "/nix/store/kh43nhaz1qcpwws2xq805lrmwpmn9i3k-go-1.26.1",
              "default": true
            }
          ],
          "store_path": "/nix/store/kh43nhaz1qcpwws2xq805lrmwpmn9i3k-go-1.26.1"
        },
        "aarch64-linux": {
          "outputs": [
            {
              "name": "out",
              "path": "/nix/store/rz1pqbm5z3zfby250i0djfmfzzj7khg9-go-1.26.1",
              "default": true
            }
          ],
          "store_path": "/nix/store/rz1pqbm5z3zfby250i0djfmfzzj7khg9-go-1.26.1"
        },
        "x86_64-darwin": {
          "outputs": [
            {
              "name": "out",
              "path": "/nix/store/yv6jj27racylbfjw6a1cdr91ndxbgyf6-go-1.26.1",
              "default": true
            }
          ],
          "store_path": "/nix/store/yv6jj27racylbfjw6a1cdr91ndxbgyf6-go-1.26.1"
        },
        "x86_64-linux": {
          "outputs": [
            {
              "name": "out",
              "path": "/nix/store/ckcq2mj8zk0drhaaacy6mp9d924hnr4m-go-1.26.1",
              "default": true
            }
          ],
          "store_path": "/nix/store/ckcq2mj8zk0drhaaacy6mp9d924hnr4m-go-1.26.1"
        }
      }
    },
    "haproxy@latest": {
      "last_modified": "2026-03-21T07:29:51Z",
      "resolved": "github:NixOS/nixpkgs/09061f748ee21f68a089cd5d91ec1859cd93d0be#haproxy",
      "source": "devbox-search",
      "version": "3.3.6",
      "systems": {
        "aarch64-darwin": {
          "outputs": [
            {
              "name": "out",
              "path": "/nix/store/rklx4l6qn8kazq7i54x900adibxqlcpb-haproxy-3.3.6",
              "default": true
            }
          ],
          "store_path": "/nix/store/rklx4l6qn8kazq7i54x900adibxqlcpb-haproxy-3.3.6"
        },
        "aarch64-linux": {
          "outputs": [
            {
              "name": "out",
              "path": "/nix/store/sbqn0rs8znps3bs5pha8pk28nnylnq32-haproxy-3.3.6",
              "default": true
            }
          ],
          "store_path": "/nix/store/sbqn0rs8znps3bs5pha8pk28nnylnq32-haproxy-3.3.6"
        },
        "x86_64-darwin": {
          "outputs": [
            {
              "name": "out",
              "path": "/nix/store/k3fbph3cwg8726v3ckvdk9fyj5da7rk4-haproxy-3.3.6",
              "default": true
            }
          ],
          "store_path": "/nix/store/k3fbph3cwg8726v3ckvdk9fyj5da7rk4-haproxy-3.3.6"
        },
        "x86_64-linux": {
          "outputs": [
            {
              "name": "out",
              "path": "/nix/store/83zzkingfw968xrablhrc237gkq5k7c5-haproxy-3.3.6",
              "default": true
            }
          ],
          "store_path": "/nix/store/83zzkingfw968xrablhrc237gkq5k7c5-haproxy-3.3.6"
        }
      }
    },
    "postgresql@latest": {
      "last_modified": "2026-03-30T07:26:21Z",
      "plugin_version": "0.0.2",
      "resolved": "github:NixOS/nixpkgs/15c6719d8c604779cf59e03c245ea61d3d7ab69b#postgresql",
      "source": "devbox-search",
      "version": "17.9",
      "systems": {
        "aarch64-darwin": {
          "outputs": [
            {
              "name": "out",
              "path": "/nix/store/rcz8zc21n6rx4igsdgngmkwnln4f7dy5-postgresql-17.9",
              "default": true
            },
            {
              "name": "man",
              "path": "/nix/store/v9ad61kyx28sfzs48j9077iiv61fqzb0-postgresql-17.9-man",
              "default": true
            },
            {
              "name": "jit",
              "path": "/nix/store/9wrci7zgca8ygxgcg8qhk69kkk2hvnvg-postgresql-17.9-jit"
            },
            {
              "name": "plperl",
              "path": "/nix/store/ywrc7vv5mdsz79z4nfid0asnzlwxp3zn-postgresql-17.9-plperl"
            },
            {
              "name": "plpython3",
              "path": "/nix/store/jzj6b2zw28dxy8jjfvzlfbmdl8mypv2m-postgresql-17.9-plpython3"
            },
            {
              "name": "dev",
              "path": "/nix/store/yzvwbyh0gqrprnw5rdnhjmcmyvrl9ql4-postgresql-17.9-dev"
            },
            {
              "name": "lib",
              "path": "/nix/store/h9xg40fr3hqn9lhckdf1sjp2w7zdl92n-postgresql-17.9-lib"
            },
            {
              "name": "pltcl",
              "path": "/nix/store/ya921lh5kkcrdgk09y9580prw5yg27f2-postgresql-17.9-pltcl"
            },
            {
              "name": "doc",
              "path": "/nix/store/gillzna13al7axbhkqyjf7wwfkfbh4nn-postgresql-17.9-doc"
            }
          ],
          "store_path": "/nix/store/rcz8zc21n6rx4igsdgngmkwnln4f7dy5-postgresql-17.9"
        },
        "aarch64-linux": {
          "outputs": [
            {
              "name": "out",
              "path": "/nix/store/bw97pvf1fg3y7yjvw24g83448v8p48m0-postgresql-17.9",
              "default": true
            },
            {
              "name": "man",
              "path": "/nix/store/j22nri44hhgyxbg78glds0im2y608cn9-postgresql-17.9-man",
              "default": true
            },
            {
              "name": "debug",
              "path": "/nix/store/rlk7xis3dfyll5z1fny70ksi3yqh1yy7-postgresql-17.9-debug"
            },
            {
              "name": "doc",
              "path": "/nix/store/39f586jzgzlkcc3dp8zajyjnf2w2mymr-postgresql-17.9-doc"
            },
            {
              "name": "plperl",
              "path": "/nix/store/951fcy0jfrwz8rhi8668fqi72wwdj1qa-postgresql-17.9-plperl"
            },
            {
              "name": "pltcl",
              "path": "/nix/store/b9zsqpp7znmvxghjy9ihlk3p75xvd3pz-postgresql-17.9-pltcl"
            },
            {
              "name": "dev",
              "path": "/nix/store/gvivc80vkanv4cd41r1fz0dz9qr2bsjq-postgresql-17.9-dev"
            },
            {
              "name": "jit",
              "path": "/nix/store/iw7rjv0gjb23fwil2j0zjbghrj8bgd7q-postgresql-17.9-jit"
            },
            {
              "name": "lib",
              "path": "/nix/store/b25khikzni3m8q8nyv3mrxa5v63bqsam-postgresql-17.9-lib"
            },
            {
              "name": "plpython3",
              "path": "/nix/store/fha23nr7d2i16ns2z7wsrlx65fxpazxh-postgresql-17.9-plpython3"
            }
          ],
          "store_path": "/nix/store/bw97pvf1fg3y7yjvw24g83448v8p48m0-postgresql-17.9"
        },
        "x86_64-darwin": {
          "outputs": [
            {
              "name": "out",
              "path": "/nix/store/jgrfz7nzjh9m5ymfv0831aamk9ci5ds9-postgresql-17.9",
              "default": true
            },
            {
              "name": "man",
              "path": "/nix/store/q824ybxz07qzwrwk9hkd16y0yl7mlp5i-postgresql-17.9-man",
              "default": true
            },
            {
              "name": "dev",
              "path": "/nix/store/p99q8ixd6kkw2fr8zpfsmc0m3gwqcjjw-postgresql-17.9-dev"
            },
            {
              "name": "doc",
              "path": "/nix/store/87c2fid7ppzyd3n3i5id3iiipybgzcp7-postgresql-17.9-doc"
            },
            {
              "name": "jit",
              "path": "/nix/store/f6qm2151lg98kmayd1kddmgqv9wh1m4f-postgresql-17.9-jit"
            },
            {
              "name": "plperl",
              "path": "/nix/store/p51i9h8vwml5nj6i91g0hh2zh93c4iap-postgresql-17.9-plperl"
            },
            {
              "name": "pltcl",
              "path": "/nix/store/cvvvm05xz8735kxb2jqh6gvxfvps1cpw-postgresql-17.9-pltcl"
            },
            {
              "name": "lib",
              "path": "/nix/store/shz3ms0ww02df1k2qrzk0mv3g6ilr33j-postgresql-17.9-lib"
            },
            {
              "name": "plpython3",
              "path": "/nix/store/6a5lqzcdxiqn5nqlfddjdb921z7a35in-postgresql-17.9-plpython3"
            }
          ],
          "store_path": "/nix/store/jgrfz7nzjh9m5ymfv0831aamk9ci5ds9-postgresql-17.9"
        },
        "x86_64-linux": {
          "outputs": [
            {
              "name": "out",
              "path": "/nix/store/zhaly0y0af2m7wyijyhdanm6a9l5lydv-postgresql-17.9",
              "default": true
            },
            {
              "name": "man",
              "path": "/nix/store/hgrmddv5rl1axc814n8f27q8gjlxpdz5-postgresql-17.9-man",
              "default": true
            },
            {
              "name": "lib",
              "path": "/nix/store/il7gfijl01sxk16h9pffc5yan70vbqfp-postgresql-17.9-lib"
            },
            {
              "name": "plperl",
              "path": "/nix/store/4dnwbih86p5grx6ys7faq29nh9w0krky-postgresql-17.9-plperl"
            },
            {
              "name": "dev",
              "path": "/nix/store/w8vci17bmzkbxclrkjxg2bd3aachf5i8-postgresql-17.9-dev"
            },
            {
              "name": "plpython3",
              "path": "/nix/store/rr62jngbsjqim8k5r761h985y88zci8w-postgresql-17.9-plpython3"
            },
            {
              "name": "pltcl",
              "path": "/nix/store/292bd6aqwdsrd3bkvj8yjgwgg5nqlgjv-postgresql-17.9-pltcl"
            },
            {
              "name": "debug",
              "path": "/nix/store/yhvkyzaxm3lcs7kk8qri3ql34p6h7dmc-postgresql-17.9-debug"
            },
            {
              "name": "doc",
              "path": "/nix/store/x41xsx8n2j3l53dr6qfr1w7i9q1pvb3b-postgresql-17.9-doc"
            },
            {
              "name": "jit",
              "path": "/nix/store/87sz1iy2q7v0fcsrgbkmryrp390v5sl9-postgresql-17.9-jit"
            }
          ],
          "store_path": "/nix/store/zhaly0y0af2m7wyijyhdanm6a9l5lydv-postgresql-17.9"
        }
      }
    }
  }
}
